
Microsoft Visual Studio Solution File, Format Version 12.00
# Visual Studio Version 17
VisualStudioVersion = 17.5.33414.496
MinimumVisualStudioVersion = 10.0.40219.1
Project("{FAE04EC0-301F-11D3-BF4B-00C04F79EFBC}") = "SocomecApp", "SocomecApp\SocomecApp.csproj", "{8D0CF9FD-FAC2-4F7F-BA7D-AF325302BC92}"
EndProject
Global
	GlobalSection(SolutionConfigurationPlatforms) = preSolution
		Debug|Any CPU = Debug|Any CPU
		Release|Any CPU = Release|Any CPU
	EndGlobalSection
	GlobalSection(ProjectConfigurationPlatforms) = postSolution
		{8D0CF9FD-FAC2-4F7F-BA7D-AF325302BC92}.Debug|Any CPU.ActiveCfg = Debug|Any CPU
		{8D0CF9FD-FAC2-4F7F-BA7D-AF325302BC92}.Debug|Any CPU.Build.0 = Debug|Any CPU
		{8D0CF9FD-FAC2-4F7F-BA7D-AF325302BC92}.Release|Any CPU.ActiveCfg = Release|Any CPU
		{8D0CF9FD-FAC2-4F7F-BA7D-AF325302BC92}.Release|Any CPU.Build.0 = Release|Any CPU
	EndGlobalSection
	GlobalSection(SolutionProperties) = preSolution
		HideSolutionNode = FALSE
	EndGlobalSection
	GlobalSection(ExtensibilityGlobals) = postSolution
		SolutionGuid = {A42F1C08-082D-40A0-8425-D569ED897601}
	EndGlobalSection
EndGlobal
